
Microsoft Visual Studio Solution File, Format Version 12.00
# Visual Studio Version 17
VisualStudioVersion = 17.2.32505.173
MinimumVisualStudioVersion = 10.0.40219.1
Project("{FAE04EC0-301F-11D3-BF4B-00C04F79EFBC}") = "MyApp1", "MyApp1.csproj", "{5FE869D2-6A66-4098-B0AA-238471115B3D}"
EndProject
Project("{2150E333-8FDC-42A3-9474-1A3956D46DE8}") = "Solution Items", "Solution Items", "{EEB69472-8EF6-4B2D-A309-87B60832012D}"
EndProject
Global
	GlobalSection(SolutionConfigurationPlatforms) = preSolution
		Debug|Any CPU = Debug|Any CPU
		Release|Any CPU = Release|Any CPU
	EndGlobalSection
	GlobalSection(ProjectConfigurationPlatforms) = postSolution
		{5FE869D2-6A66-4098-B0AA-238471115B3D}.Debug|Any CPU.ActiveCfg = Debug|Any CPU
		{5FE869D2-6A66-4098-B0AA-238471115B3D}.Debug|Any CPU.Build.0 = Debug|Any CPU
		{5FE869D2-6A66-4098-B0AA-238471115B3D}.Release|Any CPU.ActiveCfg = Release|Any CPU
		{5FE869D2-6A66-4098-B0AA-238471115B3D}.Release|Any CPU.Build.0 = Release|Any CPU
	EndGlobalSection
	GlobalSection(SolutionProperties) = preSolution
		HideSolutionNode = FALSE
	EndGlobalSection
	GlobalSection(ExtensibilityGlobals) = postSolution
		SolutionGuid = {275E83D9-4288-448B-96D4-D7DD47785C56}
	EndGlobalSection
EndGlobal
